
Microsoft Visual Studio Solution File, Format Version 12.00
# Visual Studio Version 16
VisualStudioVersion = 25.0.1704.0
MinimumVisualStudioVersion = 10.0.40219.1
Project("{FAE04EC0-301F-11D3-BF4B-00C04F79EFBC}") = "reverse string", "reverse string.csproj", "{F044D922-A1E4-4A05-9282-4D09221F1C23}"
EndProject
Global
	GlobalSection(SolutionConfigurationPlatforms) = preSolution
		Debug|Any CPU = Debug|Any CPU
		Release|Any CPU = Release|Any CPU
	EndGlobalSection
	GlobalSection(ProjectConfigurationPlatforms) = postSolution
		{F044D922-A1E4-4A05-9282-4D09221F1C23}.Debug|Any CPU.ActiveCfg = Debug|Any CPU
		{F044D922-A1E4-4A05-9282-4D09221F1C23}.Debug|Any CPU.Build.0 = Debug|Any CPU
		{F044D922-A1E4-4A05-9282-4D09221F1C23}.Release|Any CPU.ActiveCfg = Release|Any CPU
		{F044D922-A1E4-4A05-9282-4D09221F1C23}.Release|Any CPU.Build.0 = Release|Any CPU
	EndGlobalSection
	GlobalSection(SolutionProperties) = preSolution
		HideSolutionNode = FALSE
	EndGlobalSection
	GlobalSection(ExtensibilityGlobals) = postSolution
		SolutionGuid = {D40E2CD1-0E7D-45EF-96ED-43EFF10B89A1}
	EndGlobalSection
EndGlobal
